
Microsoft Visual Studio Solution File, Format Version 12.00
# Visual Studio 15
VisualStudioVersion = 15.0.27428.2027
MinimumVisualStudioVersion = 10.0.40219.1
Project("{FAE04EC0-301F-11D3-BF4B-00C04F79EFBC}") = "WorkBlockTimer", "WorkBlockTimer\WorkBlockTimer.csproj", "{EF55F160-0ABB-49A9-A241-0AE6D387DD55}"
EndProject
Global
	GlobalSection(SolutionConfigurationPlatforms) = preSolution
		Debug|Any CPU = Debug|Any CPU
		Release|Any CPU = Release|Any CPU
	EndGlobalSection
	GlobalSection(ProjectConfigurationPlatforms) = postSolution
		{EF55F160-0ABB-49A9-A241-0AE6D387DD55}.Debug|Any CPU.ActiveCfg = Debug|Any CPU
		{EF55F160-0ABB-49A9-A241-0AE6D387DD55}.Debug|Any CPU.Build.0 = Debug|Any CPU
		{EF55F160-0ABB-49A9-A241-0AE6D387DD55}.Release|Any CPU.ActiveCfg = Release|Any CPU
		{EF55F160-0ABB-49A9-A241-0AE6D387DD55}.Release|Any CPU.Build.0 = Release|Any CPU
	EndGlobalSection
	GlobalSection(SolutionProperties) = preSolution
		HideSolutionNode = FALSE
	EndGlobalSection
	GlobalSection(ExtensibilityGlobals) = postSolution
		SolutionGuid = {7EEAF389-F73E-4ECA-AD68-D38307445B6B}
	EndGlobalSection
EndGlobal
